
Microsoft Visual Studio Solution File, Format Version 12.00
# Visual Studio Version 17
VisualStudioVersion = 17.10.34916.146
MinimumVisualStudioVersion = 10.0.40219.1
Project("{FAE04EC0-301F-11D3-BF4B-00C04F79EFBC}") = "lab_6", "lab_6.csproj", "{20C252AB-660B-48F4-8AD6-C515D1A47603}"
EndProject
Global
	GlobalSection(SolutionConfigurationPlatforms) = preSolution
		Debug|Any CPU = Debug|Any CPU
		Release|Any CPU = Release|Any CPU
	EndGlobalSection
	GlobalSection(ProjectConfigurationPlatforms) = postSolution
		{20C252AB-660B-48F4-8AD6-C515D1A47603}.Debug|Any CPU.ActiveCfg = Debug|Any CPU
		{20C252AB-660B-48F4-8AD6-C515D1A47603}.Debug|Any CPU.Build.0 = Debug|Any CPU
		{20C252AB-660B-48F4-8AD6-C515D1A47603}.Release|Any CPU.ActiveCfg = Release|Any CPU
		{20C252AB-660B-48F4-8AD6-C515D1A47603}.Release|Any CPU.Build.0 = Release|Any CPU
	EndGlobalSection
	GlobalSection(SolutionProperties) = preSolution
		HideSolutionNode = FALSE
	EndGlobalSection
	GlobalSection(ExtensibilityGlobals) = postSolution
		SolutionGuid = {6049D6A7-CFE9-487F-AE8F-9BEDF0B1349A}
	EndGlobalSection
EndGlobal
